// !$*UTF8*$!
{
	archiveVersion = 1;
	classes = {
	};
	objectVersion = 56;
	objects = {

/* Begin PBXBuildFile section */
		9100CFA62A8A2A4B00E74328 /* UIViewController+Extension.swift in Sources */ = {isa = PBXBuildFile; fileRef = 9100CFA52A8A2A4B00E74328 /* UIViewController+Extension.swift */; };
		9100CFA82A8A2BDF00E74328 /*  InitialViewController.swift in Sources */ = {isa = PBXBuildFile; fileRef = 9100CFA72A8A2BDF00E74328 /*  InitialViewController.swift */; };
		9100CFAE2A8A2D6500E74328 /* StatisticsCellModel.swift in Sources */ = {isa = PBXBuildFile; fileRef = 9100CFAD2A8A2D6500E74328 /* StatisticsCellModel.swift */; };
		9100CFB22A8A2DF400E74328 /* StatisticCell.swift in Sources */ = {isa = PBXBuildFile; fileRef = 9100CFB12A8A2DF400E74328 /* StatisticCell.swift */; };
		9100CFB42A8A2F0E00E74328 /* StatisticsViewModel.swift in Sources */ = {isa = PBXBuildFile; fileRef = 9100CFB32A8A2F0E00E74328 /* StatisticsViewModel.swift */; };
		9100CFB62A8A326000E74328 /* CoreDataManager.swift in Sources */ = {isa = PBXBuildFile; fileRef = 9100CFB52A8A326000E74328 /* CoreDataManager.swift */; };
		9100CFBA2A8A4F9D00E74328 /* SelectTypeEventViewController.swift in Sources */ = {isa = PBXBuildFile; fileRef = 9100CFB92A8A4F9D00E74328 /* SelectTypeEventViewController.swift */; };
		9100CFBE2A8A512400E74328 /* CategoryCell.swift in Sources */ = {isa = PBXBuildFile; fileRef = 9100CFBD2A8A512400E74328 /* CategoryCell.swift */; };
		9100CFC02A8A530100E74328 /* UICollectionView+Extension.swift in Sources */ = {isa = PBXBuildFile; fileRef = 9100CFBF2A8A530100E74328 /* UICollectionView+Extension.swift */; };
		9100CFC32A8A542600E74328 /* AnalyticsService.swift in Sources */ = {isa = PBXBuildFile; fileRef = 9100CFC22A8A542600E74328 /* AnalyticsService.swift */; };
		9100CFD82A8A594C00E74328 /* TrackerTests.swift in Sources */ = {isa = PBXBuildFile; fileRef = 9100CFD72A8A594C00E74328 /* TrackerTests.swift */; };
		9100CFE02A8A595E00E74328 /* SnapshotTesting in Frameworks */ = {isa = PBXBuildFile; productRef = 9100CFDF2A8A595E00E74328 /* SnapshotTesting */; };
		911477F12A54867200E5F178 /* AppDelegate.swift in Sources */ = {isa = PBXBuildFile; fileRef = 911477F02A54867200E5F178 /* AppDelegate.swift */; };
		911477F32A54867200E5F178 /* SceneDelegate.swift in Sources */ = {isa = PBXBuildFile; fileRef = 911477F22A54867200E5F178 /* SceneDelegate.swift */; };
		911477FA2A54867400E5F178 /* Assets.xcassets in Resources */ = {isa = PBXBuildFile; fileRef = 911477F92A54867400E5F178 /* Assets.xcassets */; };
		911477FD2A54867400E5F178 /* LaunchScreen.storyboard in Resources */ = {isa = PBXBuildFile; fileRef = 911477FB2A54867400E5F178 /* LaunchScreen.storyboard */; };
		911478082A54876C00E5F178 /* Tracker.swift in Sources */ = {isa = PBXBuildFile; fileRef = 911478072A54876C00E5F178 /* Tracker.swift */; };
		9114780A2A54877E00E5F178 /* WeekDay.swift in Sources */ = {isa = PBXBuildFile; fileRef = 911478092A54877E00E5F178 /* WeekDay.swift */; };
		9114780C2A54878F00E5F178 /* TrackerRecord.swift in Sources */ = {isa = PBXBuildFile; fileRef = 9114780B2A54878F00E5F178 /* TrackerRecord.swift */; };
		911478102A5487B200E5F178 /* TrackerCategory.swift in Sources */ = {isa = PBXBuildFile; fileRef = 9114780F2A5487B200E5F178 /* TrackerCategory.swift */; };
		911478132A5487D600E5F178 /* TrackerCollectionViewCell.swift in Sources */ = {isa = PBXBuildFile; fileRef = 911478122A5487D600E5F178 /* TrackerCollectionViewCell.swift */; };
		911478162A5487F900E5F178 /* TrackersViewController.swift in Sources */ = {isa = PBXBuildFile; fileRef = 911478152A5487F900E5F178 /* TrackersViewController.swift */; };
		9114781A2A54882D00E5F178 /* NewTrackerViewController.swift in Sources */ = {isa = PBXBuildFile; fileRef = 911478192A54882D00E5F178 /* NewTrackerViewController.swift */; };
		9114781C2A54884000E5F178 /* ScheduleViewController.swift in Sources */ = {isa = PBXBuildFile; fileRef = 9114781B2A54884000E5F178 /* ScheduleViewController.swift */; };
		9114781E2A54884F00E5F178 /* HeaderCollectionView.swift in Sources */ = {isa = PBXBuildFile; fileRef = 9114781D2A54884F00E5F178 /* HeaderCollectionView.swift */; };
		911478202A54885E00E5F178 /* StatisticsViewController.swift in Sources */ = {isa = PBXBuildFile; fileRef = 9114781F2A54885E00E5F178 /* StatisticsViewController.swift */; };
		911478232A54887A00E5F178 /* TabBarController.swift in Sources */ = {isa = PBXBuildFile; fileRef = 911478222A54887A00E5F178 /* TabBarController.swift */; };
		911478262A54889900E5F178 /* Constants.swift in Sources */ = {isa = PBXBuildFile; fileRef = 911478252A54889900E5F178 /* Constants.swift */; };
		911478282A5488AE00E5F178 /* Date+Extension.swift in Sources */ = {isa = PBXBuildFile; fileRef = 911478272A5488AE00E5F178 /* Date+Extension.swift */; };
		9114782B2A5488D000E5F178 /* UIColor + Extensions.swift in Sources */ = {isa = PBXBuildFile; fileRef = 9114782A2A5488D000E5F178 /* UIColor + Extensions.swift */; };
		9114782D2A5488DF00E5F178 /* UIFonts + Exntesions.swift in Sources */ = {isa = PBXBuildFile; fileRef = 9114782C2A5488DF00E5F178 /* UIFonts + Exntesions.swift */; };
		9114782F2A5488EE00E5F178 /* UIView + Extensions .swift in Sources */ = {isa = PBXBuildFile; fileRef = 9114782E2A5488EE00E5F178 /* UIView + Extensions .swift */; };
		9114783B2A56FC2D00E5F178 /* EmojiAndColorsCollectionCell.swift in Sources */ = {isa = PBXBuildFile; fileRef = 9114783A2A56FC2D00E5F178 /* EmojiAndColorsCollectionCell.swift */; };
		9114783D2A56FFE800E5F178 /* SupplementaryView.swift in Sources */ = {isa = PBXBuildFile; fileRef = 9114783C2A56FFE800E5F178 /* SupplementaryView.swift */; };
		9118F7A22A77E12B00298615 /* Model.xcdatamodeld in Sources */ = {isa = PBXBuildFile; fileRef = 9118F7A02A77E12B00298615 /* Model.xcdatamodeld */; };
		9118F7A52A77E28000298615 /* StoreError.swift in Sources */ = {isa = PBXBuildFile; fileRef = 9118F7A42A77E28000298615 /* StoreError.swift */; };
		9118F7AB2A77E51800298615 /* TrackerRecordStore.swift in Sources */ = {isa = PBXBuildFile; fileRef = 9118F7AA2A77E51800298615 /* TrackerRecordStore.swift */; };
		9118F7AD2A77E57900298615 /* TrackerStore.swift in Sources */ = {isa = PBXBuildFile; fileRef = 9118F7AC2A77E57900298615 /* TrackerStore.swift */; };
		9118F7AF2A77F95400298615 /* TrackerCategoryStore.swift in Sources */ = {isa = PBXBuildFile; fileRef = 9118F7AE2A77F95400298615 /* TrackerCategoryStore.swift */; };
		91AEDE612A823DA400E974A8 /* Pages.swift in Sources */ = {isa = PBXBuildFile; fileRef = 91AEDE602A823DA400E974A8 /* Pages.swift */; };
		91AEDE632A823E3200E974A8 /* OnboardingViewController.swift in Sources */ = {isa = PBXBuildFile; fileRef = 91AEDE622A823E3200E974A8 /* OnboardingViewController.swift */; };
		91AEDE652A8240D900E974A8 /* PageViewController.swift in Sources */ = {isa = PBXBuildFile; fileRef = 91AEDE642A8240D900E974A8 /* PageViewController.swift */; };
		91AEDE672A824EA500E974A8 /* CategoriesViewModel.swift in Sources */ = {isa = PBXBuildFile; fileRef = 91AEDE662A824EA500E974A8 /* CategoriesViewModel.swift */; };
		91AEDE692A824EC200E974A8 /* AlertPresenter.swift in Sources */ = {isa = PBXBuildFile; fileRef = 91AEDE682A824EC200E974A8 /* AlertPresenter.swift */; };
		91AEDE6B2A82503A00E974A8 /* Observable.swift in Sources */ = {isa = PBXBuildFile; fileRef = 91AEDE6A2A82503A00E974A8 /* Observable.swift */; };
		91AEDE6F2A8251D000E974A8 /* CategoriesViewController.swift in Sources */ = {isa = PBXBuildFile; fileRef = 91AEDE6E2A8251D000E974A8 /* CategoriesViewController.swift */; };
		91AEDE712A8253C800E974A8 /* NewCategoryViewController.swift in Sources */ = {isa = PBXBuildFile; fileRef = 91AEDE702A8253C800E974A8 /* NewCategoryViewController.swift */; };
		9C53EB8E2D92EF42CA43ADE7 /* libPods-Tracker.a in Frameworks */ = {isa = PBXBuildFile; fileRef = 712D054C21F8D42BDEC38F0C /* libPods-Tracker.a */; };
/* End PBXBuildFile section */

/* Begin PBXContainerItemProxy section */
		9100CFD92A8A594C00E74328 /* PBXContainerItemProxy */ = {
			isa = PBXContainerItemProxy;
			containerPortal = 911477E52A54867200E5F178 /* Project object */;
			proxyType = 1;
			remoteGlobalIDString = 911477EC2A54867200E5F178;
			remoteInfo = Tracker;
		};
/* End PBXContainerItemProxy section */

/* Begin PBXFileReference section */
		01BA933313194DBDFA351075 /* Pods-Tracker.debug.xcconfig */ = {isa = PBXFileReference; includeInIndex = 1; lastKnownFileType = text.xcconfig; name = "Pods-Tracker.debug.xcconfig"; path = "Target Support Files/Pods-Tracker/Pods-Tracker.debug.xcconfig"; sourceTree = "<group>"; };
		712D054C21F8D42BDEC38F0C /* libPods-Tracker.a */ = {isa = PBXFileReference; explicitFileType = archive.ar; includeInIndex = 0; path = "libPods-Tracker.a"; sourceTree = BUILT_PRODUCTS_DIR; };
		9100CFA52A8A2A4B00E74328 /* UIViewController+Extension.swift */ = {isa = PBXFileReference; lastKnownFileType = sourcecode.swift; path = "UIViewController+Extension.swift"; sourceTree = "<group>"; };
		9100CFA72A8A2BDF00E74328 /*  InitialViewController.swift */ = {isa = PBXFileReference; lastKnownFileType = sourcecode.swift; path = " InitialViewController.swift"; sourceTree = "<group>"; };
		9100CFAD2A8A2D6500E74328 /* StatisticsCellModel.swift */ = {isa = PBXFileReference; lastKnownFileType = sourcecode.swift; path = StatisticsCellModel.swift; sourceTree = "<group>"; };
		9100CFB12A8A2DF400E74328 /* StatisticCell.swift */ = {isa = PBXFileReference; lastKnownFileType = sourcecode.swift; path = StatisticCell.swift; sourceTree = "<group>"; };
		9100CFB32A8A2F0E00E74328 /* StatisticsViewModel.swift */ = {isa = PBXFileReference; lastKnownFileType = sourcecode.swift; path = StatisticsViewModel.swift; sourceTree = "<group>"; };
		9100CFB52A8A326000E74328 /* CoreDataManager.swift */ = {isa = PBXFileReference; lastKnownFileType = sourcecode.swift; path = CoreDataManager.swift; sourceTree = "<group>"; };
		9100CFB92A8A4F9D00E74328 /* SelectTypeEventViewController.swift */ = {isa = PBXFileReference; lastKnownFileType = sourcecode.swift; path = SelectTypeEventViewController.swift; sourceTree = "<group>"; };
		9100CFBD2A8A512400E74328 /* CategoryCell.swift */ = {isa = PBXFileReference; lastKnownFileType = sourcecode.swift; path = CategoryCell.swift; sourceTree = "<group>"; };
		9100CFBF2A8A530100E74328 /* UICollectionView+Extension.swift */ = {isa = PBXFileReference; lastKnownFileType = sourcecode.swift; path = "UICollectionView+Extension.swift"; sourceTree = "<group>"; };
		9100CFC22A8A542600E74328 /* AnalyticsService.swift */ = {isa = PBXFileReference; lastKnownFileType = sourcecode.swift; path = AnalyticsService.swift; sourceTree = "<group>"; };
		9100CFD52A8A594C00E74328 /* TrackerTests.xctest */ = {isa = PBXFileReference; explicitFileType = wrapper.cfbundle; includeInIndex = 0; path = TrackerTests.xctest; sourceTree = BUILT_PRODUCTS_DIR; };
		9100CFD72A8A594C00E74328 /* TrackerTests.swift */ = {isa = PBXFileReference; lastKnownFileType = sourcecode.swift; path = TrackerTests.swift; sourceTree = "<group>"; };
		9100CFED2A8A5CC600E74328 /* ru */ = {isa = PBXFileReference; lastKnownFileType = text.plist.strings; name = ru; path = ru.lproj/LaunchScreen.strings; sourceTree = "<group>"; };
		911477ED2A54867200E5F178 /* Tracker.app */ = {isa = PBXFileReference; explicitFileType = wrapper.application; includeInIndex = 0; path = Tracker.app; sourceTree = BUILT_PRODUCTS_DIR; };
		911477F02A54867200E5F178 /* AppDelegate.swift */ = {isa = PBXFileReference; lastKnownFileType = sourcecode.swift; path = AppDelegate.swift; sourceTree = "<group>"; };
		911477F22A54867200E5F178 /* SceneDelegate.swift */ = {isa = PBXFileReference; lastKnownFileType = sourcecode.swift; path = SceneDelegate.swift; sourceTree = "<group>"; };
		911477F92A54867400E5F178 /* Assets.xcassets */ = {isa = PBXFileReference; lastKnownFileType = folder.assetcatalog; path = Assets.xcassets; sourceTree = "<group>"; };
		911477FC2A54867400E5F178 /* Base */ = {isa = PBXFileReference; lastKnownFileType = file.storyboard; name = Base; path = Base.lproj/LaunchScreen.storyboard; sourceTree = "<group>"; };
		911477FE2A54867400E5F178 /* Info.plist */ = {isa = PBXFileReference; lastKnownFileType = text.plist.xml; path = Info.plist; sourceTree = "<group>"; };
		911478072A54876C00E5F178 /* Tracker.swift */ = {isa = PBXFileReference; lastKnownFileType = sourcecode.swift; path = Tracker.swift; sourceTree = "<group>"; };
		911478092A54877E00E5F178 /* WeekDay.swift */ = {isa = PBXFileReference; lastKnownFileType = sourcecode.swift; path = WeekDay.swift; sourceTree = "<group>"; };
		9114780B2A54878F00E5F178 /* TrackerRecord.swift */ = {isa = PBXFileReference; lastKnownFileType = sourcecode.swift; path = TrackerRecord.swift; sourceTree = "<group>"; };
		9114780F2A5487B200E5F178 /* TrackerCategory.swift */ = {isa = PBXFileReference; lastKnownFileType = sourcecode.swift; path = TrackerCategory.swift; sourceTree = "<group>"; };
		911478122A5487D600E5F178 /* TrackerCollectionViewCell.swift */ = {isa = PBXFileReference; lastKnownFileType = sourcecode.swift; path = TrackerCollectionViewCell.swift; sourceTree = "<group>"; };
		911478152A5487F900E5F178 /* TrackersViewController.swift */ = {isa = PBXFileReference; lastKnownFileType = sourcecode.swift; path = TrackersViewController.swift; sourceTree = "<group>"; };
		911478192A54882D00E5F178 /* NewTrackerViewController.swift */ = {isa = PBXFileReference; lastKnownFileType = sourcecode.swift; path = NewTrackerViewController.swift; sourceTree = "<group>"; };
		9114781B2A54884000E5F178 /* ScheduleViewController.swift */ = {isa = PBXFileReference; lastKnownFileType = sourcecode.swift; path = ScheduleViewController.swift; sourceTree = "<group>"; };
		9114781D2A54884F00E5F178 /* HeaderCollectionView.swift */ = {isa = PBXFileReference; lastKnownFileType = sourcecode.swift; path = HeaderCollectionView.swift; sourceTree = "<group>"; };
		9114781F2A54885E00E5F178 /* StatisticsViewController.swift */ = {isa = PBXFileReference; lastKnownFileType = sourcecode.swift; path = StatisticsViewController.swift; sourceTree = "<group>"; };
		911478222A54887A00E5F178 /* TabBarController.swift */ = {isa = PBXFileReference; lastKnownFileType = sourcecode.swift; path = TabBarController.swift; sourceTree = "<group>"; };
		911478252A54889900E5F178 /* Constants.swift */ = {isa = PBXFileReference; lastKnownFileType = sourcecode.swift; path = Constants.swift; sourceTree = "<group>"; };
		911478272A5488AE00E5F178 /* Date+Extension.swift */ = {isa = PBXFileReference; lastKnownFileType = sourcecode.swift; path = "Date+Extension.swift"; sourceTree = "<group>"; };
		9114782A2A5488D000E5F178 /* UIColor + Extensions.swift */ = {isa = PBXFileReference; lastKnownFileType = sourcecode.swift; path = "UIColor + Extensions.swift"; sourceTree = "<group>"; };
		9114782C2A5488DF00E5F178 /* UIFonts + Exntesions.swift */ = {isa = PBXFileReference; lastKnownFileType = sourcecode.swift; path = "UIFonts + Exntesions.swift"; sourceTree = "<group>"; };
		9114782E2A5488EE00E5F178 /* UIView + Extensions .swift */ = {isa = PBXFileReference; lastKnownFileType = sourcecode.swift; path = "UIView + Extensions .swift"; sourceTree = "<group>"; };
		9114783A2A56FC2D00E5F178 /* EmojiAndColorsCollectionCell.swift */ = {isa = PBXFileReference; lastKnownFileType = sourcecode.swift; path = EmojiAndColorsCollectionCell.swift; sourceTree = "<group>"; };
		9114783C2A56FFE800E5F178 /* SupplementaryView.swift */ = {isa = PBXFileReference; lastKnownFileType = sourcecode.swift; path = SupplementaryView.swift; sourceTree = "<group>"; };
		9118F7A12A77E12B00298615 /* Model.xcdatamodel */ = {isa = PBXFileReference; lastKnownFileType = wrapper.xcdatamodel; path = Model.xcdatamodel; sourceTree = "<group>"; };
		9118F7A42A77E28000298615 /* StoreError.swift */ = {isa = PBXFileReference; lastKnownFileType = sourcecode.swift; path = StoreError.swift; sourceTree = "<group>"; };
		9118F7AA2A77E51800298615 /* TrackerRecordStore.swift */ = {isa = PBXFileReference; lastKnownFileType = sourcecode.swift; path = TrackerRecordStore.swift; sourceTree = "<group>"; };
		9118F7AC2A77E57900298615 /* TrackerStore.swift */ = {isa = PBXFileReference; lastKnownFileType = sourcecode.swift; path = TrackerStore.swift; sourceTree = "<group>"; };
		9118F7AE2A77F95400298615 /* TrackerCategoryStore.swift */ = {isa = PBXFileReference; lastKnownFileType = sourcecode.swift; path = TrackerCategoryStore.swift; sourceTree = "<group>"; };
		91AEDE602A823DA400E974A8 /* Pages.swift */ = {isa = PBXFileReference; lastKnownFileType = sourcecode.swift; path = Pages.swift; sourceTree = "<group>"; };
		91AEDE622A823E3200E974A8 /* OnboardingViewController.swift */ = {isa = PBXFileReference; lastKnownFileType = sourcecode.swift; path = OnboardingViewController.swift; sourceTree = "<group>"; };
		91AEDE642A8240D900E974A8 /* PageViewController.swift */ = {isa = PBXFileReference; lastKnownFileType = sourcecode.swift; path = PageViewController.swift; sourceTree = "<group>"; };
		91AEDE662A824EA500E974A8 /* CategoriesViewModel.swift */ = {isa = PBXFileReference; lastKnownFileType = sourcecode.swift; path = CategoriesViewModel.swift; sourceTree = "<group>"; };
		91AEDE682A824EC200E974A8 /* AlertPresenter.swift */ = {isa = PBXFileReference; lastKnownFileType = sourcecode.swift; path = AlertPresenter.swift; sourceTree = "<group>"; };
		91AEDE6A2A82503A00E974A8 /* Observable.swift */ = {isa = PBXFileReference; lastKnownFileType = sourcecode.swift; path = Observable.swift; sourceTree = "<group>"; };
		91AEDE6E2A8251D000E974A8 /* CategoriesViewController.swift */ = {isa = PBXFileReference; lastKnownFileType = sourcecode.swift; path = CategoriesViewController.swift; sourceTree = "<group>"; };
		91AEDE702A8253C800E974A8 /* NewCategoryViewController.swift */ = {isa = PBXFileReference; lastKnownFileType = sourcecode.swift; path = NewCategoryViewController.swift; sourceTree = "<group>"; };
		9C1D6AEB15E8AD379186CC13 /* Pods-Tracker.release.xcconfig */ = {isa = PBXFileReference; includeInIndex = 1; lastKnownFileType = text.xcconfig; name = "Pods-Tracker.release.xcconfig"; path = "Target Support Files/Pods-Tracker/Pods-Tracker.release.xcconfig"; sourceTree = "<group>"; };
/* End PBXFileReference section */

/* Begin PBXFrameworksBuildPhase section */
		9100CFD22A8A594C00E74328 /* Frameworks */ = {
			isa = PBXFrameworksBuildPhase;
			buildActionMask = 2147483647;
			files = (
				9100CFE02A8A595E00E74328 /* SnapshotTesting in Frameworks */,
			);
			runOnlyForDeploymentPostprocessing = 0;
		};
		911477EA2A54867200E5F178 /* Frameworks */ = {
			isa = PBXFrameworksBuildPhase;
			buildActionMask = 2147483647;
			files = (
				9C53EB8E2D92EF42CA43ADE7 /* libPods-Tracker.a in Frameworks */,
			);
			runOnlyForDeploymentPostprocessing = 0;
		};
/* End PBXFrameworksBuildPhase section */

/* Begin PBXGroup section */
		9100CFB82A8A4F8800E74328 /* CreatingEvents */ = {
			isa = PBXGroup;
			children = (
				9100CFB92A8A4F9D00E74328 /* SelectTypeEventViewController.swift */,
			);
			path = CreatingEvents;
			sourceTree = "<group>";
		};
		9100CFC12A8A541C00E74328 /* Services */ = {
			isa = PBXGroup;
			children = (
				9100CFC22A8A542600E74328 /* AnalyticsService.swift */,
			);
			path = Services;
			sourceTree = "<group>";
		};
		9100CFD62A8A594C00E74328 /* TrackerTests */ = {
			isa = PBXGroup;
			children = (
				9100CFD72A8A594C00E74328 /* TrackerTests.swift */,
			);
			path = TrackerTests;
			sourceTree = "<group>";
		};
		9100CFDE2A8A595E00E74328 /* Frameworks */ = {
			isa = PBXGroup;
			children = (
				712D054C21F8D42BDEC38F0C /* libPods-Tracker.a */,
			);
			name = Frameworks;
			sourceTree = "<group>";
		};
		911477E42A54867200E5F178 = {
			isa = PBXGroup;
			children = (
				911477EF2A54867200E5F178 /* Tracker */,
				9100CFD62A8A594C00E74328 /* TrackerTests */,
				911477EE2A54867200E5F178 /* Products */,
				9100CFDE2A8A595E00E74328 /* Frameworks */,
				AACE4F159C89B12E61884A1B /* Pods */,
			);
			sourceTree = "<group>";
		};
		911477EE2A54867200E5F178 /* Products */ = {
			isa = PBXGroup;
			children = (
				911477ED2A54867200E5F178 /* Tracker.app */,
				9100CFD52A8A594C00E74328 /* TrackerTests.xctest */,
			);
			name = Products;
			sourceTree = "<group>";
		};
		911477EF2A54867200E5F178 /* Tracker */ = {
			isa = PBXGroup;
			children = (
				911478042A5486AB00E5F178 /* Application */,
				91AEDE5F2A823D9000E974A8 /* Onboarding */,
				9118F79F2A77E0E700298615 /* CoreData */,
				911478062A54875900E5F178 /* Model */,
				911478392A56FC0600E5F178 /* Views */,
				911478112A5487CA00E5F178 /* Cell */,
				9100CFB82A8A4F8800E74328 /* CreatingEvents */,
				911478142A5487E700E5F178 /* ViewControllers  */,
				911478242A54888800E5F178 /* Helpers */,
				911478052A5486C700E5F178 /* SupportingFiles */,
			);
			path = Tracker;
			sourceTree = "<group>";
		};
		911478042A5486AB00E5F178 /* Application */ = {
			isa = PBXGroup;
			children = (
				911477F02A54867200E5F178 /* AppDelegate.swift */,
				911477F22A54867200E5F178 /* SceneDelegate.swift */,
			);
			path = Application;
			sourceTree = "<group>";
		};
		911478052A5486C700E5F178 /* SupportingFiles */ = {
			isa = PBXGroup;
			children = (
				911477F92A54867400E5F178 /* Assets.xcassets */,
				911477FB2A54867400E5F178 /* LaunchScreen.storyboard */,
				911477FE2A54867400E5F178 /* Info.plist */,
			);
			path = SupportingFiles;
			sourceTree = "<group>";
		};
		911478062A54875900E5F178 /* Model */ = {
			isa = PBXGroup;
			children = (
				911478072A54876C00E5F178 /* Tracker.swift */,
				9114780F2A5487B200E5F178 /* TrackerCategory.swift */,
				9114780B2A54878F00E5F178 /* TrackerRecord.swift */,
				911478092A54877E00E5F178 /* WeekDay.swift */,
				9100CFAD2A8A2D6500E74328 /* StatisticsCellModel.swift */,
				9100CFB32A8A2F0E00E74328 /* StatisticsViewModel.swift */,
				91AEDE662A824EA500E974A8 /* CategoriesViewModel.swift */,
			);
			path = Model;
			sourceTree = "<group>";
		};
		911478112A5487CA00E5F178 /* Cell */ = {
			isa = PBXGroup;
			children = (
				9114783A2A56FC2D00E5F178 /* EmojiAndColorsCollectionCell.swift */,
				911478122A5487D600E5F178 /* TrackerCollectionViewCell.swift */,
				9100CFB12A8A2DF400E74328 /* StatisticCell.swift */,
				9100CFBD2A8A512400E74328 /* CategoryCell.swift */,
			);
			path = Cell;
			sourceTree = "<group>";
		};
		911478142A5487E700E5F178 /* ViewControllers  */ = {
			isa = PBXGroup;
			children = (
				911478152A5487F900E5F178 /* TrackersViewController.swift */,
				911478192A54882D00E5F178 /* NewTrackerViewController.swift */,
				9114781B2A54884000E5F178 /* ScheduleViewController.swift */,
				91AEDE6E2A8251D000E974A8 /* CategoriesViewController.swift */,
				91AEDE702A8253C800E974A8 /* NewCategoryViewController.swift */,
				9114781F2A54885E00E5F178 /* StatisticsViewController.swift */,
				911478212A54886D00E5F178 /* Base */,
			);
			path = "ViewControllers ";
			sourceTree = "<group>";
		};
		911478212A54886D00E5F178 /* Base */ = {
			isa = PBXGroup;
			children = (
				911478222A54887A00E5F178 /* TabBarController.swift */,
				9100CFA72A8A2BDF00E74328 /*  InitialViewController.swift */,
			);
			path = Base;
			sourceTree = "<group>";
		};
		911478242A54888800E5F178 /* Helpers */ = {
			isa = PBXGroup;
			children = (
				9100CFC12A8A541C00E74328 /* Services */,
				911478252A54889900E5F178 /* Constants.swift */,
				911478272A5488AE00E5F178 /* Date+Extension.swift */,
				91AEDE6A2A82503A00E974A8 /* Observable.swift */,
				911478292A5488BE00E5F178 /* UIKit */,
			);
			path = Helpers;
			sourceTree = "<group>";
		};
		911478292A5488BE00E5F178 /* UIKit */ = {
			isa = PBXGroup;
			children = (
				9100CFBF2A8A530100E74328 /* UICollectionView+Extension.swift */,
				9100CFA52A8A2A4B00E74328 /* UIViewController+Extension.swift */,
				9114782A2A5488D000E5F178 /* UIColor + Extensions.swift */,
				9114782C2A5488DF00E5F178 /* UIFonts + Exntesions.swift */,
				9114782E2A5488EE00E5F178 /* UIView + Extensions .swift */,
				91AEDE682A824EC200E974A8 /* AlertPresenter.swift */,
			);
			path = UIKit;
			sourceTree = "<group>";
		};
		911478392A56FC0600E5F178 /* Views */ = {
			isa = PBXGroup;
			children = (
				9114781D2A54884F00E5F178 /* HeaderCollectionView.swift */,
				9114783C2A56FFE800E5F178 /* SupplementaryView.swift */,
			);
			path = Views;
			sourceTree = "<group>";
		};
		9118F79F2A77E0E700298615 /* CoreData */ = {
			isa = PBXGroup;
			children = (
				9118F7A02A77E12B00298615 /* Model.xcdatamodeld */,
				9118F7AC2A77E57900298615 /* TrackerStore.swift */,
				9100CFB52A8A326000E74328 /* CoreDataManager.swift */,
				9118F7AE2A77F95400298615 /* TrackerCategoryStore.swift */,
				9118F7AA2A77E51800298615 /* TrackerRecordStore.swift */,
				9118F7A42A77E28000298615 /* StoreError.swift */,
			);
			path = CoreData;
			sourceTree = "<group>";
		};
		91AEDE5F2A823D9000E974A8 /* Onboarding */ = {
			isa = PBXGroup;
			children = (
				91AEDE602A823DA400E974A8 /* Pages.swift */,
				91AEDE642A8240D900E974A8 /* PageViewController.swift */,
				91AEDE622A823E3200E974A8 /* OnboardingViewController.swift */,
			);
			path = Onboarding;
			sourceTree = "<group>";
		};
		AACE4F159C89B12E61884A1B /* Pods */ = {
			isa = PBXGroup;
			children = (
				01BA933313194DBDFA351075 /* Pods-Tracker.debug.xcconfig */,
				9C1D6AEB15E8AD379186CC13 /* Pods-Tracker.release.xcconfig */,
			);
			path = Pods;
			sourceTree = "<group>";
		};
/* End PBXGroup section */

/* Begin PBXNativeTarget section */
		9100CFD42A8A594C00E74328 /* TrackerTests */ = {
			isa = PBXNativeTarget;
			buildConfigurationList = 9100CFDB2A8A594C00E74328 /* Build configuration list for PBXNativeTarget "TrackerTests" */;
			buildPhases = (
				9100CFD12A8A594C00E74328 /* Sources */,
				9100CFD22A8A594C00E74328 /* Frameworks */,
				9100CFD32A8A594C00E74328 /* Resources */,
			);
			buildRules = (
			);
			dependencies = (
				9100CFDA2A8A594C00E74328 /* PBXTargetDependency */,
			);
			name = TrackerTests;
			packageProductDependencies = (
				9100CFDF2A8A595E00E74328 /* SnapshotTesting */,
			);
			productName = TrackerTests;
			productReference = 9100CFD52A8A594C00E74328 /* TrackerTests.xctest */;
			productType = "com.apple.product-type.bundle.unit-test";
		};
		911477EC2A54867200E5F178 /* Tracker */ = {
			isa = PBXNativeTarget;
			buildConfigurationList = 911478012A54867400E5F178 /* Build configuration list for PBXNativeTarget "Tracker" */;
			buildPhases = (
				E0D0CBE14BDD8ECE22EA2422 /* [CP] Check Pods Manifest.lock */,
				911477E92A54867200E5F178 /* Sources */,
				911477EA2A54867200E5F178 /* Frameworks */,
				911477EB2A54867200E5F178 /* Resources */,
			);
			buildRules = (
			);
			dependencies = (
			);
			name = Tracker;
			packageProductDependencies = (
			);
			productName = Tracker;
			productReference = 911477ED2A54867200E5F178 /* Tracker.app */;
			productType = "com.apple.product-type.application";
		};
/* End PBXNativeTarget section */

/* Begin PBXProject section */
		911477E52A54867200E5F178 /* Project object */ = {
			isa = PBXProject;
			attributes = {
				BuildIndependentTargetsInParallel = 1;
				LastSwiftUpdateCheck = 1430;
				LastUpgradeCheck = 1430;
				TargetAttributes = {
					9100CFD42A8A594C00E74328 = {
						CreatedOnToolsVersion = 14.3.1;
						TestTargetID = 911477EC2A54867200E5F178;
					};
					911477EC2A54867200E5F178 = {
						CreatedOnToolsVersion = 14.3.1;
					};
				};
			};
			buildConfigurationList = 911477E82A54867200E5F178 /* Build configuration list for PBXProject "Tracker" */;
			compatibilityVersion = "Xcode 14.0";
			developmentRegion = en;
			hasScannedForEncodings = 0;
			knownRegions = (
				en,
				Base,
				ru,
			);
			mainGroup = 911477E42A54867200E5F178;
			packageReferences = (
				9100CFCE2A8A592500E74328 /* XCRemoteSwiftPackageReference "swift-snapshot-testing" */,
			);
			productRefGroup = 911477EE2A54867200E5F178 /* Products */;
			projectDirPath = "";
			projectRoot = "";
			targets = (
				911477EC2A54867200E5F178 /* Tracker */,
				9100CFD42A8A594C00E74328 /* TrackerTests */,
			);
		};
/* End PBXProject section */

/* Begin PBXResourcesBuildPhase section */
		9100CFD32A8A594C00E74328 /* Resources */ = {
			isa = PBXResourcesBuildPhase;
			buildActionMask = 2147483647;
			files = (
			);
			runOnlyForDeploymentPostprocessing = 0;
		};
		911477EB2A54867200E5F178 /* Resources */ = {
			isa = PBXResourcesBuildPhase;
			buildActionMask = 2147483647;
			files = (
				911477FD2A54867400E5F178 /* LaunchScreen.storyboard in Resources */,
				911477FA2A54867400E5F178 /* Assets.xcassets in Resources */,
			);
			runOnlyForDeploymentPostprocessing = 0;
		};
/* End PBXResourcesBuildPhase section */

/* Begin PBXShellScriptBuildPhase section */
		E0D0CBE14BDD8ECE22EA2422 /* [CP] Check Pods Manifest.lock */ = {
			isa = PBXShellScriptBuildPhase;
			buildActionMask = 2147483647;
			files = (
			);
			inputFileListPaths = (
			);
			inputPaths = (
				"${PODS_PODFILE_DIR_PATH}/Podfile.lock",
				"${PODS_ROOT}/Manifest.lock",
			);
			name = "[CP] Check Pods Manifest.lock";
			outputFileListPaths = (
			);
			outputPaths = (
				"$(DERIVED_FILE_DIR)/Pods-Tracker-checkManifestLockResult.txt",
			);
			runOnlyForDeploymentPostprocessing = 0;
			shellPath = /bin/sh;
			shellScript = "diff \"${PODS_PODFILE_DIR_PATH}/Podfile.lock\" \"${PODS_ROOT}/Manifest.lock\" > /dev/null\nif [ $? != 0 ] ; then\n    # print error to STDERR\n    echo \"error: The sandbox is not in sync with the Podfile.lock. Run 'pod install' or update your CocoaPods installation.\" >&2\n    exit 1\nfi\n# This output is used by Xcode 'outputs' to avoid re-running this script phase.\necho \"SUCCESS\" > \"${SCRIPT_OUTPUT_FILE_0}\"\n";
			showEnvVarsInLog = 0;
		};
/* End PBXShellScriptBuildPhase section */

/* Begin PBXSourcesBuildPhase section */
		9100CFD12A8A594C00E74328 /* Sources */ = {
			isa = PBXSourcesBuildPhase;
			buildActionMask = 2147483647;
			files = (
				9100CFD82A8A594C00E74328 /* TrackerTests.swift in Sources */,
			);
			runOnlyForDeploymentPostprocessing = 0;
		};
		911477E92A54867200E5F178 /* Sources */ = {
			isa = PBXSourcesBuildPhase;
			buildActionMask = 2147483647;
			files = (
				911478082A54876C00E5F178 /* Tracker.swift in Sources */,
				911478102A5487B200E5F178 /* TrackerCategory.swift in Sources */,
				9100CFA82A8A2BDF00E74328 /*  InitialViewController.swift in Sources */,
				9114781A2A54882D00E5F178 /* NewTrackerViewController.swift in Sources */,
				9114782D2A5488DF00E5F178 /* UIFonts + Exntesions.swift in Sources */,
				911478232A54887A00E5F178 /* TabBarController.swift in Sources */,
				9100CFB62A8A326000E74328 /* CoreDataManager.swift in Sources */,
				9100CFB42A8A2F0E00E74328 /* StatisticsViewModel.swift in Sources */,
				9114781C2A54884000E5F178 /* ScheduleViewController.swift in Sources */,
				9118F7AB2A77E51800298615 /* TrackerRecordStore.swift in Sources */,
				911478162A5487F900E5F178 /* TrackersViewController.swift in Sources */,
				9100CFC02A8A530100E74328 /* UICollectionView+Extension.swift in Sources */,
				9100CFBE2A8A512400E74328 /* CategoryCell.swift in Sources */,
				9114781E2A54884F00E5F178 /* HeaderCollectionView.swift in Sources */,
				911478262A54889900E5F178 /* Constants.swift in Sources */,
				9100CFAE2A8A2D6500E74328 /* StatisticsCellModel.swift in Sources */,
				9114780A2A54877E00E5F178 /* WeekDay.swift in Sources */,
				9100CFC32A8A542600E74328 /* AnalyticsService.swift in Sources */,
				9118F7AD2A77E57900298615 /* TrackerStore.swift in Sources */,
				9118F7A52A77E28000298615 /* StoreError.swift in Sources */,
				911478282A5488AE00E5F178 /* Date+Extension.swift in Sources */,
				91AEDE712A8253C800E974A8 /* NewCategoryViewController.swift in Sources */,
				911477F12A54867200E5F178 /* AppDelegate.swift in Sources */,
				9114782F2A5488EE00E5F178 /* UIView + Extensions .swift in Sources */,
				911477F32A54867200E5F178 /* SceneDelegate.swift in Sources */,
				911478132A5487D600E5F178 /* TrackerCollectionViewCell.swift in Sources */,
				91AEDE612A823DA400E974A8 /* Pages.swift in Sources */,
				91AEDE692A824EC200E974A8 /* AlertPresenter.swift in Sources */,
				9114783D2A56FFE800E5F178 /* SupplementaryView.swift in Sources */,
				9100CFA62A8A2A4B00E74328 /* UIViewController+Extension.swift in Sources */,
				9100CFB22A8A2DF400E74328 /* StatisticCell.swift in Sources */,
				9114780C2A54878F00E5F178 /* TrackerRecord.swift in Sources */,
				91AEDE652A8240D900E974A8 /* PageViewController.swift in Sources */,
				9118F7AF2A77F95400298615 /* TrackerCategoryStore.swift in Sources */,
				91AEDE672A824EA500E974A8 /* CategoriesViewModel.swift in Sources */,
				9114782B2A5488D000E5F178 /* UIColor + Extensions.swift in Sources */,
				9100CFBA2A8A4F9D00E74328 /* SelectTypeEventViewController.swift in Sources */,
				91AEDE6B2A82503A00E974A8 /* Observable.swift in Sources */,
				9118F7A22A77E12B00298615 /* Model.xcdatamodeld in Sources */,
				911478202A54885E00E5F178 /* StatisticsViewController.swift in Sources */,
				91AEDE632A823E3200E974A8 /* OnboardingViewController.swift in Sources */,
				9114783B2A56FC2D00E5F178 /* EmojiAndColorsCollectionCell.swift in Sources */,
				91AEDE6F2A8251D000E974A8 /* CategoriesViewController.swift in Sources */,
			);
			runOnlyForDeploymentPostprocessing = 0;
		};
/* End PBXSourcesBuildPhase section */

/* Begin PBXTargetDependency section */
		9100CFDA2A8A594C00E74328 /* PBXTargetDependency */ = {
			isa = PBXTargetDependency;
			target = 911477EC2A54867200E5F178 /* Tracker */;
			targetProxy = 9100CFD92A8A594C00E74328 /* PBXContainerItemProxy */;
		};
/* End PBXTargetDependency section */

/* Begin PBXVariantGroup section */
		911477FB2A54867400E5F178 /* LaunchScreen.storyboard */ = {
			isa = PBXVariantGroup;
			children = (
				911477FC2A54867400E5F178 /* Base */,
				9100CFED2A8A5CC600E74328 /* ru */,
			);
			name = LaunchScreen.storyboard;
			sourceTree = "<group>";
		};
/* End PBXVariantGroup section */

/* Begin XCBuildConfiguration section */
		9100CFDC2A8A594C00E74328 /* Debug */ = {
			isa = XCBuildConfiguration;
			buildSettings = {
				BUNDLE_LOADER = "$(TEST_HOST)";
				CODE_SIGN_STYLE = Automatic;
				CURRENT_PROJECT_VERSION = 1;
				DEVELOPMENT_TEAM = 9VPKL84SZ9;
				GENERATE_INFOPLIST_FILE = YES;
				IPHONEOS_DEPLOYMENT_TARGET = 13.4;
				MARKETING_VERSION = 1.0;
				PRODUCT_BUNDLE_IDENTIFIER = bezrukov.andrey.TrackerTests;
				PRODUCT_NAME = "$(TARGET_NAME)";
				SWIFT_EMIT_LOC_STRINGS = NO;
				SWIFT_VERSION = 5.0;
				TARGETED_DEVICE_FAMILY = "1,2";
				TEST_HOST = "$(BUILT_PRODUCTS_DIR)/Tracker.app/$(BUNDLE_EXECUTABLE_FOLDER_PATH)/Tracker";
			};
			name = Debug;
		};
		9100CFDD2A8A594C00E74328 /* Release */ = {
			isa = XCBuildConfiguration;
			buildSettings = {
				BUNDLE_LOADER = "$(TEST_HOST)";
				CODE_SIGN_STYLE = Automatic;
				CURRENT_PROJECT_VERSION = 1;
				DEVELOPMENT_TEAM = 9VPKL84SZ9;
				GENERATE_INFOPLIST_FILE = YES;
				IPHONEOS_DEPLOYMENT_TARGET = 13.4;
				MARKETING_VERSION = 1.0;
				PRODUCT_BUNDLE_IDENTIFIER = bezrukov.andrey.TrackerTests;
				PRODUCT_NAME = "$(TARGET_NAME)";
				SWIFT_EMIT_LOC_STRINGS = NO;
				SWIFT_VERSION = 5.0;
				TARGETED_DEVICE_FAMILY = "1,2";
				TEST_HOST = "$(BUILT_PRODUCTS_DIR)/Tracker.app/$(BUNDLE_EXECUTABLE_FOLDER_PATH)/Tracker";
			};
			name = Release;
		};
		911477FF2A54867400E5F178 /* Debug */ = {
			isa = XCBuildConfiguration;
			buildSettings = {
				ALWAYS_SEARCH_USER_PATHS = NO;
				CLANG_ANALYZER_LOCALIZABILITY_NONLOCALIZED = YES;
				CLANG_ANALYZER_NONNULL = YES;
				CLANG_ANALYZER_NUMBER_OBJECT_CONVERSION = YES_AGGRESSIVE;
				CLANG_CXX_LANGUAGE_STANDARD = "gnu++20";
				CLANG_ENABLE_MODULES = YES;
				CLANG_ENABLE_OBJC_ARC = YES;
				CLANG_ENABLE_OBJC_WEAK = YES;
				CLANG_WARN_BLOCK_CAPTURE_AUTORELEASING = YES;
				CLANG_WARN_BOOL_CONVERSION = YES;
				CLANG_WARN_COMMA = YES;
				CLANG_WARN_CONSTANT_CONVERSION = YES;
				CLANG_WARN_DEPRECATED_OBJC_IMPLEMENTATIONS = YES;
				CLANG_WARN_DIRECT_OBJC_ISA_USAGE = YES_ERROR;
				CLANG_WARN_DOCUMENTATION_COMMENTS = YES;
				CLANG_WARN_EMPTY_BODY = YES;
				CLANG_WARN_ENUM_CONVERSION = YES;
				CLANG_WARN_INFINITE_RECURSION = YES;
				CLANG_WARN_INT_CONVERSION = YES;
				CLANG_WARN_NON_LITERAL_NULL_CONVERSION = YES;
				CLANG_WARN_OBJC_IMPLICIT_RETAIN_SELF = YES;
				CLANG_WARN_OBJC_LITERAL_CONVERSION = YES;
				CLANG_WARN_OBJC_ROOT_CLASS = YES_ERROR;
				CLANG_WARN_QUOTED_INCLUDE_IN_FRAMEWORK_HEADER = YES;
				CLANG_WARN_RANGE_LOOP_ANALYSIS = YES;
				CLANG_WARN_STRICT_PROTOTYPES = YES;
				CLANG_WARN_SUSPICIOUS_MOVE = YES;
				CLANG_WARN_UNGUARDED_AVAILABILITY = YES_AGGRESSIVE;
				CLANG_WARN_UNREACHABLE_CODE = YES;
				CLANG_WARN__DUPLICATE_METHOD_MATCH = YES;
				COPY_PHASE_STRIP = NO;
				DEBUG_INFORMATION_FORMAT = dwarf;
				ENABLE_STRICT_OBJC_MSGSEND = YES;
				ENABLE_TESTABILITY = YES;
				GCC_C_LANGUAGE_STANDARD = gnu11;
				GCC_DYNAMIC_NO_PIC = NO;
				GCC_NO_COMMON_BLOCKS = YES;
				GCC_OPTIMIZATION_LEVEL = 0;
				GCC_PREPROCESSOR_DEFINITIONS = (
					"DEBUG=1",
					"$(inherited)",
				);
				GCC_WARN_64_TO_32_BIT_CONVERSION = YES;
				GCC_WARN_ABOUT_RETURN_TYPE = YES_ERROR;
				GCC_WARN_UNDECLARED_SELECTOR = YES;
				GCC_WARN_UNINITIALIZED_AUTOS = YES_AGGRESSIVE;
				GCC_WARN_UNUSED_FUNCTION = YES;
				GCC_WARN_UNUSED_VARIABLE = YES;
				IPHONEOS_DEPLOYMENT_TARGET = 16.4;
				MTL_ENABLE_DEBUG_INFO = INCLUDE_SOURCE;
				MTL_FAST_MATH = YES;
				ONLY_ACTIVE_ARCH = YES;
				SDKROOT = iphoneos;
				SWIFT_ACTIVE_COMPILATION_CONDITIONS = DEBUG;
				SWIFT_OPTIMIZATION_LEVEL = "-Onone";
			};
			name = Debug;
		};
		911478002A54867400E5F178 /* Release */ = {
			isa = XCBuildConfiguration;
			buildSettings = {
				ALWAYS_SEARCH_USER_PATHS = NO;
				CLANG_ANALYZER_LOCALIZABILITY_NONLOCALIZED = YES;
				CLANG_ANALYZER_NONNULL = YES;
				CLANG_ANALYZER_NUMBER_OBJECT_CONVERSION = YES_AGGRESSIVE;
				CLANG_CXX_LANGUAGE_STANDARD = "gnu++20";
				CLANG_ENABLE_MODULES = YES;
				CLANG_ENABLE_OBJC_ARC = YES;
				CLANG_ENABLE_OBJC_WEAK = YES;
				CLANG_WARN_BLOCK_CAPTURE_AUTORELEASING = YES;
				CLANG_WARN_BOOL_CONVERSION = YES;
				CLANG_WARN_COMMA = YES;
				CLANG_WARN_CONSTANT_CONVERSION = YES;
				CLANG_WARN_DEPRECATED_OBJC_IMPLEMENTATIONS = YES;
				CLANG_WARN_DIRECT_OBJC_ISA_USAGE = YES_ERROR;
				CLANG_WARN_DOCUMENTATION_COMMENTS = YES;
				CLANG_WARN_EMPTY_BODY = YES;
				CLANG_WARN_ENUM_CONVERSION = YES;
				CLANG_WARN_INFINITE_RECURSION = YES;
				CLANG_WARN_INT_CONVERSION = YES;
				CLANG_WARN_NON_LITERAL_NULL_CONVERSION = YES;
				CLANG_WARN_OBJC_IMPLICIT_RETAIN_SELF = YES;
				CLANG_WARN_OBJC_LITERAL_CONVERSION = YES;
				CLANG_WARN_OBJC_ROOT_CLASS = YES_ERROR;
				CLANG_WARN_QUOTED_INCLUDE_IN_FRAMEWORK_HEADER = YES;
				CLANG_WARN_RANGE_LOOP_ANALYSIS = YES;
				CLANG_WARN_STRICT_PROTOTYPES = YES;
				CLANG_WARN_SUSPICIOUS_MOVE = YES;
				CLANG_WARN_UNGUARDED_AVAILABILITY = YES_AGGRESSIVE;
				CLANG_WARN_UNREACHABLE_CODE = YES;
				CLANG_WARN__DUPLICATE_METHOD_MATCH = YES;
				COPY_PHASE_STRIP = NO;
				DEBUG_INFORMATION_FORMAT = "dwarf-with-dsym";
				ENABLE_NS_ASSERTIONS = NO;
				ENABLE_STRICT_OBJC_MSGSEND = YES;
				GCC_C_LANGUAGE_STANDARD = gnu11;
				GCC_NO_COMMON_BLOCKS = YES;
				GCC_WARN_64_TO_32_BIT_CONVERSION = YES;
				GCC_WARN_ABOUT_RETURN_TYPE = YES_ERROR;
				GCC_WARN_UNDECLARED_SELECTOR = YES;
				GCC_WARN_UNINITIALIZED_AUTOS = YES_AGGRESSIVE;
				GCC_WARN_UNUSED_FUNCTION = YES;
				GCC_WARN_UNUSED_VARIABLE = YES;
				IPHONEOS_DEPLOYMENT_TARGET = 16.4;
				MTL_ENABLE_DEBUG_INFO = NO;
				MTL_FAST_MATH = YES;
				SDKROOT = iphoneos;
				SWIFT_COMPILATION_MODE = wholemodule;
				SWIFT_OPTIMIZATION_LEVEL = "-O";
				VALIDATE_PRODUCT = YES;
			};
			name = Release;
		};
		911478022A54867400E5F178 /* Debug */ = {
			isa = XCBuildConfiguration;
			baseConfigurationReference = 01BA933313194DBDFA351075 /* Pods-Tracker.debug.xcconfig */;
			buildSettings = {
				ASSETCATALOG_COMPILER_APPICON_NAME = AppIcon;
				ASSETCATALOG_COMPILER_GLOBAL_ACCENT_COLOR_NAME = AccentColor;
				CODE_SIGN_STYLE = Automatic;
				CURRENT_PROJECT_VERSION = 1;
				DEVELOPMENT_TEAM = 9VPKL84SZ9;
				GENERATE_INFOPLIST_FILE = YES;
				INFOPLIST_FILE = Tracker/SupportingFiles/Info.plist;
				INFOPLIST_KEY_UIApplicationSupportsIndirectInputEvents = YES;
				INFOPLIST_KEY_UILaunchStoryboardName = LaunchScreen;
				INFOPLIST_KEY_UISupportedInterfaceOrientations = UIInterfaceOrientationPortrait;
				INFOPLIST_KEY_UISupportedInterfaceOrientations_iPad = "UIInterfaceOrientationLandscapeLeft UIInterfaceOrientationLandscapeRight UIInterfaceOrientationPortrait UIInterfaceOrientationPortraitUpsideDown";
				IPHONEOS_DEPLOYMENT_TARGET = 13.4;
				LD_RUNPATH_SEARCH_PATHS = (
					"$(inherited)",
					"@executable_path/Frameworks",
				);
				MARKETING_VERSION = 1.0;
				PRODUCT_BUNDLE_IDENTIFIER = bezrukov.andrey.Tracker;
				PRODUCT_NAME = "$(TARGET_NAME)";
				SUPPORTED_PLATFORMS = "iphoneos iphonesimulator";
				SUPPORTS_MACCATALYST = NO;
				SUPPORTS_MAC_DESIGNED_FOR_IPHONE_IPAD = NO;
				SWIFT_EMIT_LOC_STRINGS = YES;
				SWIFT_VERSION = 5.0;
				TARGETED_DEVICE_FAMILY = 1;
			};
			name = Debug;
		};
		911478032A54867400E5F178 /* Release */ = {
			isa = XCBuildConfiguration;
			baseConfigurationReference = 9C1D6AEB15E8AD379186CC13 /* Pods-Tracker.release.xcconfig */;
			buildSettings = {
				ASSETCATALOG_COMPILER_APPICON_NAME = AppIcon;
				ASSETCATALOG_COMPILER_GLOBAL_ACCENT_COLOR_NAME = AccentColor;
				CODE_SIGN_STYLE = Automatic;
				CURRENT_PROJECT_VERSION = 1;
				DEVELOPMENT_TEAM = 9VPKL84SZ9;
				GENERATE_INFOPLIST_FILE = YES;
				INFOPLIST_FILE = Tracker/SupportingFiles/Info.plist;
				INFOPLIST_KEY_UIApplicationSupportsIndirectInputEvents = YES;
				INFOPLIST_KEY_UILaunchStoryboardName = LaunchScreen;
				INFOPLIST_KEY_UISupportedInterfaceOrientations = UIInterfaceOrientationPortrait;
				INFOPLIST_KEY_UISupportedInterfaceOrientations_iPad = "UIInterfaceOrientationLandscapeLeft UIInterfaceOrientationLandscapeRight UIInterfaceOrientationPortrait UIInterfaceOrientationPortraitUpsideDown";
				IPHONEOS_DEPLOYMENT_TARGET = 13.4;
				LD_RUNPATH_SEARCH_PATHS = (
					"$(inherited)",
					"@executable_path/Frameworks",
				);
				MARKETING_VERSION = 1.0;
				PRODUCT_BUNDLE_IDENTIFIER = bezrukov.andrey.Tracker;
				PRODUCT_NAME = "$(TARGET_NAME)";
				SUPPORTED_PLATFORMS = "iphoneos iphonesimulator";
				SUPPORTS_MACCATALYST = NO;
				SUPPORTS_MAC_DESIGNED_FOR_IPHONE_IPAD = NO;
				SWIFT_EMIT_LOC_STRINGS = YES;
				SWIFT_VERSION = 5.0;
				TARGETED_DEVICE_FAMILY = 1;
			};
			name = Release;
		};
/* End XCBuildConfiguration section */

/* Begin XCConfigurationList section */
		9100CFDB2A8A594C00E74328 /* Build configuration list for PBXNativeTarget "TrackerTests" */ = {
			isa = XCConfigurationList;
			buildConfigurations = (
				9100CFDC2A8A594C00E74328 /* Debug */,
				9100CFDD2A8A594C00E74328 /* Release */,
			);
			defaultConfigurationIsVisible = 0;
			defaultConfigurationName = Release;
		};
		911477E82A54867200E5F178 /* Build configuration list for PBXProject "Tracker" */ = {
			isa = XCConfigurationList;
			buildConfigurations = (
				911477FF2A54867400E5F178 /* Debug */,
				911478002A54867400E5F178 /* Release */,
			);
			defaultConfigurationIsVisible = 0;
			defaultConfigurationName = Release;
		};
		911478012A54867400E5F178 /* Build configuration list for PBXNativeTarget "Tracker" */ = {
			isa = XCConfigurationList;
			buildConfigurations = (
				911478022A54867400E5F178 /* Debug */,
				911478032A54867400E5F178 /* Release */,
			);
			defaultConfigurationIsVisible = 0;
			defaultConfigurationName = Release;
		};
/* End XCConfigurationList section */

/* Begin XCRemoteSwiftPackageReference section */
		9100CFCE2A8A592500E74328 /* XCRemoteSwiftPackageReference "swift-snapshot-testing" */ = {
			isa = XCRemoteSwiftPackageReference;
			repositoryURL = "https://github.com/pointfreeco/swift-snapshot-testing";
			requirement = {
				kind = upToNextMajorVersion;
				minimumVersion = 1.0.0;
			};
		};
/* End XCRemoteSwiftPackageReference section */

/* Begin XCSwiftPackageProductDependency section */
		9100CFDF2A8A595E00E74328 /* SnapshotTesting */ = {
			isa = XCSwiftPackageProductDependency;
			package = 9100CFCE2A8A592500E74328 /* XCRemoteSwiftPackageReference "swift-snapshot-testing" */;
			productName = SnapshotTesting;
		};
/* End XCSwiftPackageProductDependency section */

/* Begin XCVersionGroup section */
		9118F7A02A77E12B00298615 /* Model.xcdatamodeld */ = {
			isa = XCVersionGroup;
			children = (
				9118F7A12A77E12B00298615 /* Model.xcdatamodel */,
			);
			currentVersion = 9118F7A12A77E12B00298615 /* Model.xcdatamodel */;
			path = Model.xcdatamodeld;
			sourceTree = "<group>";
			versionGroupType = wrapper.xcdatamodel;
		};
/* End XCVersionGroup section */
	};
	rootObject = 911477E52A54867200E5F178 /* Project object */;
}
